
Microsoft Visual Studio Solution File, Format Version 12.00
# Visual Studio Version 16
VisualStudioVersion = 16.0.31911.196
MinimumVisualStudioVersion = 10.0.40219.1
Project("{FAE04EC0-301F-11D3-BF4B-00C04F79EFBC}") = "WPF4", "WPF4\WPF4.csproj", "{B0939CDA-F0AD-492C-9A10-39EEFE526F8A}"
EndProject
Global
	GlobalSection(SolutionConfigurationPlatforms) = preSolution
		Debug|Any CPU = Debug|Any CPU
		Release|Any CPU = Release|Any CPU
	EndGlobalSection
	GlobalSection(ProjectConfigurationPlatforms) = postSolution
		{B0939CDA-F0AD-492C-9A10-39EEFE526F8A}.Debug|Any CPU.ActiveCfg = Debug|Any CPU
		{B0939CDA-F0AD-492C-9A10-39EEFE526F8A}.Debug|Any CPU.Build.0 = Debug|Any CPU
		{B0939CDA-F0AD-492C-9A10-39EEFE526F8A}.Release|Any CPU.ActiveCfg = Release|Any CPU
		{B0939CDA-F0AD-492C-9A10-39EEFE526F8A}.Release|Any CPU.Build.0 = Release|Any CPU
	EndGlobalSection
	GlobalSection(SolutionProperties) = preSolution
		HideSolutionNode = FALSE
	EndGlobalSection
	GlobalSection(ExtensibilityGlobals) = postSolution
		SolutionGuid = {443850DA-1803-442E-A8F7-90BEF6F946E9}
	EndGlobalSection
EndGlobal
